// !$*UTF8*$!
{
	archiveVersion = 1;
	classes = {
	};
	objectVersion = 50;
	objects = {

/* Begin PBXBuildFile section */
		A901FF80244B5A3B009D0776 /* RESTController.swift in Sources */ = {isa = PBXBuildFile; fileRef = A901FF7F244B5A3B009D0776 /* RESTController.swift */; };
		A901FF82244B5C62009D0776 /* UserModels.swift in Sources */ = {isa = PBXBuildFile; fileRef = A901FF81244B5C62009D0776 /* UserModels.swift */; };
		A90A565D2452096700E1774E /* ContactRowView.swift in Sources */ = {isa = PBXBuildFile; fileRef = A90A565C2452096700E1774E /* ContactRowView.swift */; };
		A90A565F24520DA200E1774E /* ContactModel.swift in Sources */ = {isa = PBXBuildFile; fileRef = A90A565E24520DA200E1774E /* ContactModel.swift */; };
		A90A566124521C5100E1774E /* ContactDetailView.swift in Sources */ = {isa = PBXBuildFile; fileRef = A90A566024521C5100E1774E /* ContactDetailView.swift */; };
		A90A56632452228000E1774E /* LogOutButtonView.swift in Sources */ = {isa = PBXBuildFile; fileRef = A90A56622452228000E1774E /* LogOutButtonView.swift */; };
		A90A56652452317D00E1774E /* AddContactButtonView.swift in Sources */ = {isa = PBXBuildFile; fileRef = A90A56642452317D00E1774E /* AddContactButtonView.swift */; };
		A98522BA244B4C0000DF1D56 /* AppDelegate.swift in Sources */ = {isa = PBXBuildFile; fileRef = A98522B9244B4C0000DF1D56 /* AppDelegate.swift */; };
		A98522BC244B4C0000DF1D56 /* SceneDelegate.swift in Sources */ = {isa = PBXBuildFile; fileRef = A98522BB244B4C0000DF1D56 /* SceneDelegate.swift */; };
		A98522BE244B4C0000DF1D56 /* LoadingView.swift in Sources */ = {isa = PBXBuildFile; fileRef = A98522BD244B4C0000DF1D56 /* LoadingView.swift */; };
		A98522C0244B4C0100DF1D56 /* Assets.xcassets in Resources */ = {isa = PBXBuildFile; fileRef = A98522BF244B4C0100DF1D56 /* Assets.xcassets */; };
		A98522C3244B4C0100DF1D56 /* Preview Assets.xcassets in Resources */ = {isa = PBXBuildFile; fileRef = A98522C2244B4C0100DF1D56 /* Preview Assets.xcassets */; };
		A98522C6244B4C0100DF1D56 /* LaunchScreen.storyboard in Resources */ = {isa = PBXBuildFile; fileRef = A98522C4244B4C0100DF1D56 /* LaunchScreen.storyboard */; };
		A9DC6317244E245D00E09749 /* SignUpView.swift in Sources */ = {isa = PBXBuildFile; fileRef = A9DC6316244E245D00E09749 /* SignUpView.swift */; };
		A9E8B413244F79A800C30008 /* ShowContactsView.swift in Sources */ = {isa = PBXBuildFile; fileRef = A9E8B412244F79A800C30008 /* ShowContactsView.swift */; };
/* End PBXBuildFile section */

/* Begin PBXFileReference section */
		A901FF7F244B5A3B009D0776 /* RESTController.swift */ = {isa = PBXFileReference; lastKnownFileType = sourcecode.swift; path = RESTController.swift; sourceTree = "<group>"; };
		A901FF81244B5C62009D0776 /* UserModels.swift */ = {isa = PBXFileReference; lastKnownFileType = sourcecode.swift; path = UserModels.swift; sourceTree = "<group>"; };
		A90A565C2452096700E1774E /* ContactRowView.swift */ = {isa = PBXFileReference; lastKnownFileType = sourcecode.swift; path = ContactRowView.swift; sourceTree = "<group>"; };
		A90A565E24520DA200E1774E /* ContactModel.swift */ = {isa = PBXFileReference; lastKnownFileType = sourcecode.swift; path = ContactModel.swift; sourceTree = "<group>"; };
		A90A566024521C5100E1774E /* ContactDetailView.swift */ = {isa = PBXFileReference; lastKnownFileType = sourcecode.swift; path = ContactDetailView.swift; sourceTree = "<group>"; };
		A90A56622452228000E1774E /* LogOutButtonView.swift */ = {isa = PBXFileReference; lastKnownFileType = sourcecode.swift; path = LogOutButtonView.swift; sourceTree = "<group>"; };
		A90A56642452317D00E1774E /* AddContactButtonView.swift */ = {isa = PBXFileReference; lastKnownFileType = sourcecode.swift; path = AddContactButtonView.swift; sourceTree = "<group>"; };
		A98522B6244B4C0000DF1D56 /* PhoneBookApp.app */ = {isa = PBXFileReference; explicitFileType = wrapper.application; includeInIndex = 0; path = PhoneBookApp.app; sourceTree = BUILT_PRODUCTS_DIR; };
		A98522B9244B4C0000DF1D56 /* AppDelegate.swift */ = {isa = PBXFileReference; lastKnownFileType = sourcecode.swift; path = AppDelegate.swift; sourceTree = "<group>"; };
		A98522BB244B4C0000DF1D56 /* SceneDelegate.swift */ = {isa = PBXFileReference; lastKnownFileType = sourcecode.swift; path = SceneDelegate.swift; sourceTree = "<group>"; };
		A98522BD244B4C0000DF1D56 /* LoadingView.swift */ = {isa = PBXFileReference; lastKnownFileType = sourcecode.swift; path = LoadingView.swift; sourceTree = "<group>"; };
		A98522BF244B4C0100DF1D56 /* Assets.xcassets */ = {isa = PBXFileReference; lastKnownFileType = folder.assetcatalog; path = Assets.xcassets; sourceTree = "<group>"; };
		A98522C2244B4C0100DF1D56 /* Preview Assets.xcassets */ = {isa = PBXFileReference; lastKnownFileType = folder.assetcatalog; path = "Preview Assets.xcassets"; sourceTree = "<group>"; };
		A98522C5244B4C0100DF1D56 /* Base */ = {isa = PBXFileReference; lastKnownFileType = file.storyboard; name = Base; path = Base.lproj/LaunchScreen.storyboard; sourceTree = "<group>"; };
		A98522C7244B4C0100DF1D56 /* Info.plist */ = {isa = PBXFileReference; lastKnownFileType = text.plist.xml; path = Info.plist; sourceTree = "<group>"; };
		A9DC6316244E245D00E09749 /* SignUpView.swift */ = {isa = PBXFileReference; lastKnownFileType = sourcecode.swift; path = SignUpView.swift; sourceTree = "<group>"; };
		A9E8B412244F79A800C30008 /* ShowContactsView.swift */ = {isa = PBXFileReference; lastKnownFileType = sourcecode.swift; path = ShowContactsView.swift; sourceTree = "<group>"; };
/* End PBXFileReference section */

/* Begin PBXFrameworksBuildPhase section */
		A98522B3244B4C0000DF1D56 /* Frameworks */ = {
			isa = PBXFrameworksBuildPhase;
			buildActionMask = 2147483647;
			files = (
			);
			runOnlyForDeploymentPostprocessing = 0;
		};
/* End PBXFrameworksBuildPhase section */

/* Begin PBXGroup section */
		35476EC69BA345DD0D803FBE /* Pods */ = {
			isa = PBXGroup;
			children = (
			);
			path = Pods;
			sourceTree = "<group>";
		};
		A98522AD244B4C0000DF1D56 = {
			isa = PBXGroup;
			children = (
				A98522B8244B4C0000DF1D56 /* PhoneBookApp */,
				A98522B7244B4C0000DF1D56 /* Products */,
				35476EC69BA345DD0D803FBE /* Pods */,
			);
			sourceTree = "<group>";
		};
		A98522B7244B4C0000DF1D56 /* Products */ = {
			isa = PBXGroup;
			children = (
				A98522B6244B4C0000DF1D56 /* PhoneBookApp.app */,
			);
			name = Products;
			sourceTree = "<group>";
		};
		A98522B8244B4C0000DF1D56 /* PhoneBookApp */ = {
			isa = PBXGroup;
			children = (
				A9A57460244B4DD500CA0713 /* Controller */,
				A9A5745F244B4DCB00CA0713 /* View */,
				A9A5745E244B4DC600CA0713 /* Model */,
				A98522B9244B4C0000DF1D56 /* AppDelegate.swift */,
				A98522BB244B4C0000DF1D56 /* SceneDelegate.swift */,
				A98522BF244B4C0100DF1D56 /* Assets.xcassets */,
				A98522C4244B4C0100DF1D56 /* LaunchScreen.storyboard */,
				A98522C7244B4C0100DF1D56 /* Info.plist */,
				A98522C1244B4C0100DF1D56 /* Preview Content */,
			);
			path = PhoneBookApp;
			sourceTree = "<group>";
		};
		A98522C1244B4C0100DF1D56 /* Preview Content */ = {
			isa = PBXGroup;
			children = (
				A98522C2244B4C0100DF1D56 /* Preview Assets.xcassets */,
			);
			path = "Preview Content";
			sourceTree = "<group>";
		};
		A9A5745E244B4DC600CA0713 /* Model */ = {
			isa = PBXGroup;
			children = (
				A901FF81244B5C62009D0776 /* UserModels.swift */,
				A90A565E24520DA200E1774E /* ContactModel.swift */,
			);
			path = Model;
			sourceTree = "<group>";
		};
		A9A5745F244B4DCB00CA0713 /* View */ = {
			isa = PBXGroup;
			children = (
				A98522BD244B4C0000DF1D56 /* LoadingView.swift */,
				A9DC6316244E245D00E09749 /* SignUpView.swift */,
				A9E8B412244F79A800C30008 /* ShowContactsView.swift */,
				A90A565C2452096700E1774E /* ContactRowView.swift */,
				A90A566024521C5100E1774E /* ContactDetailView.swift */,
				A90A56622452228000E1774E /* LogOutButtonView.swift */,
				A90A56642452317D00E1774E /* AddContactButtonView.swift */,
			);
			path = View;
			sourceTree = "<group>";
		};
		A9A57460244B4DD500CA0713 /* Controller */ = {
			isa = PBXGroup;
			children = (
				A901FF7F244B5A3B009D0776 /* RESTController.swift */,
			);
			path = Controller;
			sourceTree = "<group>";
		};
/* End PBXGroup section */

/* Begin PBXNativeTarget section */
		A98522B5244B4C0000DF1D56 /* PhoneBookApp */ = {
			isa = PBXNativeTarget;
			buildConfigurationList = A98522CA244B4C0100DF1D56 /* Build configuration list for PBXNativeTarget "PhoneBookApp" */;
			buildPhases = (
				A98522B2244B4C0000DF1D56 /* Sources */,
				A98522B3244B4C0000DF1D56 /* Frameworks */,
				A98522B4244B4C0000DF1D56 /* Resources */,
			);
			buildRules = (
			);
			dependencies = (
			);
			name = PhoneBookApp;
			productName = PhoneBookApp;
			productReference = A98522B6244B4C0000DF1D56 /* PhoneBookApp.app */;
			productType = "com.apple.product-type.application";
		};
/* End PBXNativeTarget section */

/* Begin PBXProject section */
		A98522AE244B4C0000DF1D56 /* Project object */ = {
			isa = PBXProject;
			attributes = {
				LastSwiftUpdateCheck = 1140;
				LastUpgradeCheck = 1140;
				ORGANIZATIONNAME = "Lukas Kontur";
				TargetAttributes = {
					A98522B5244B4C0000DF1D56 = {
						CreatedOnToolsVersion = 11.4.1;
					};
				};
			};
			buildConfigurationList = A98522B1244B4C0000DF1D56 /* Build configuration list for PBXProject "PhoneBookApp" */;
			compatibilityVersion = "Xcode 9.3";
			developmentRegion = en;
			hasScannedForEncodings = 0;
			knownRegions = (
				en,
				Base,
			);
			mainGroup = A98522AD244B4C0000DF1D56;
			productRefGroup = A98522B7244B4C0000DF1D56 /* Products */;
			projectDirPath = "";
			projectRoot = "";
			targets = (
				A98522B5244B4C0000DF1D56 /* PhoneBookApp */,
			);
		};
/* End PBXProject section */

/* Begin PBXResourcesBuildPhase section */
		A98522B4244B4C0000DF1D56 /* Resources */ = {
			isa = PBXResourcesBuildPhase;
			buildActionMask = 2147483647;
			files = (
				A98522C6244B4C0100DF1D56 /* LaunchScreen.storyboard in Resources */,
				A98522C3244B4C0100DF1D56 /* Preview Assets.xcassets in Resources */,
				A98522C0244B4C0100DF1D56 /* Assets.xcassets in Resources */,
			);
			runOnlyForDeploymentPostprocessing = 0;
		};
/* End PBXResourcesBuildPhase section */

/* Begin PBXSourcesBuildPhase section */
		A98522B2244B4C0000DF1D56 /* Sources */ = {
			isa = PBXSourcesBuildPhase;
			buildActionMask = 2147483647;
			files = (
				A901FF82244B5C62009D0776 /* UserModels.swift in Sources */,
				A9E8B413244F79A800C30008 /* ShowContactsView.swift in Sources */,
				A90A565F24520DA200E1774E /* ContactModel.swift in Sources */,
				A98522BA244B4C0000DF1D56 /* AppDelegate.swift in Sources */,
				A901FF80244B5A3B009D0776 /* RESTController.swift in Sources */,
				A90A56652452317D00E1774E /* AddContactButtonView.swift in Sources */,
				A98522BC244B4C0000DF1D56 /* SceneDelegate.swift in Sources */,
				A9DC6317244E245D00E09749 /* SignUpView.swift in Sources */,
				A90A565D2452096700E1774E /* ContactRowView.swift in Sources */,
				A90A56632452228000E1774E /* LogOutButtonView.swift in Sources */,
				A98522BE244B4C0000DF1D56 /* LoadingView.swift in Sources */,
				A90A566124521C5100E1774E /* ContactDetailView.swift in Sources */,
			);
			runOnlyForDeploymentPostprocessing = 0;
		};
/* End PBXSourcesBuildPhase section */

/* Begin PBXVariantGroup section */
		A98522C4244B4C0100DF1D56 /* LaunchScreen.storyboard */ = {
			isa = PBXVariantGroup;
			children = (
				A98522C5244B4C0100DF1D56 /* Base */,
			);
			name = LaunchScreen.storyboard;
			sourceTree = "<group>";
		};
/* End PBXVariantGroup section */

/* Begin XCBuildConfiguration section */
		A98522C8244B4C0100DF1D56 /* Debug */ = {
			isa = XCBuildConfiguration;
			buildSettings = {
				ALWAYS_SEARCH_USER_PATHS = NO;
				CLANG_ANALYZER_NONNULL = YES;
				CLANG_ANALYZER_NUMBER_OBJECT_CONVERSION = YES_AGGRESSIVE;
				CLANG_CXX_LANGUAGE_STANDARD = "gnu++14";
				CLANG_CXX_LIBRARY = "libc++";
				CLANG_ENABLE_MODULES = YES;
				CLANG_ENABLE_OBJC_ARC = YES;
				CLANG_ENABLE_OBJC_WEAK = YES;
				CLANG_WARN_BLOCK_CAPTURE_AUTORELEASING = YES;
				CLANG_WARN_BOOL_CONVERSION = YES;
				CLANG_WARN_COMMA = YES;
				CLANG_WARN_CONSTANT_CONVERSION = YES;
				CLANG_WARN_DEPRECATED_OBJC_IMPLEMENTATIONS = YES;
				CLANG_WARN_DIRECT_OBJC_ISA_USAGE = YES_ERROR;
				CLANG_WARN_DOCUMENTATION_COMMENTS = YES;
				CLANG_WARN_EMPTY_BODY = YES;
				CLANG_WARN_ENUM_CONVERSION = YES;
				CLANG_WARN_INFINITE_RECURSION = YES;
				CLANG_WARN_INT_CONVERSION = YES;
				CLANG_WARN_NON_LITERAL_NULL_CONVERSION = YES;
				CLANG_WARN_OBJC_IMPLICIT_RETAIN_SELF = YES;
				CLANG_WARN_OBJC_LITERAL_CONVERSION = YES;
				CLANG_WARN_OBJC_ROOT_CLASS = YES_ERROR;
				CLANG_WARN_RANGE_LOOP_ANALYSIS = YES;
				CLANG_WARN_STRICT_PROTOTYPES = YES;
				CLANG_WARN_SUSPICIOUS_MOVE = YES;
				CLANG_WARN_UNGUARDED_AVAILABILITY = YES_AGGRESSIVE;
				CLANG_WARN_UNREACHABLE_CODE = YES;
				CLANG_WARN__DUPLICATE_METHOD_MATCH = YES;
				COPY_PHASE_STRIP = NO;
				DEBUG_INFORMATION_FORMAT = dwarf;
				ENABLE_STRICT_OBJC_MSGSEND = YES;
				ENABLE_TESTABILITY = YES;
				GCC_C_LANGUAGE_STANDARD = gnu11;
				GCC_DYNAMIC_NO_PIC = NO;
				GCC_NO_COMMON_BLOCKS = YES;
				GCC_OPTIMIZATION_LEVEL = 0;
				GCC_PREPROCESSOR_DEFINITIONS = (
					"DEBUG=1",
					"$(inherited)",
				);
				GCC_WARN_64_TO_32_BIT_CONVERSION = YES;
				GCC_WARN_ABOUT_RETURN_TYPE = YES_ERROR;
				GCC_WARN_UNDECLARED_SELECTOR = YES;
				GCC_WARN_UNINITIALIZED_AUTOS = YES_AGGRESSIVE;
				GCC_WARN_UNUSED_FUNCTION = YES;
				GCC_WARN_UNUSED_VARIABLE = YES;
				IPHONEOS_DEPLOYMENT_TARGET = 13.4;
				MTL_ENABLE_DEBUG_INFO = INCLUDE_SOURCE;
				MTL_FAST_MATH = YES;
				ONLY_ACTIVE_ARCH = YES;
				SDKROOT = iphoneos;
				SWIFT_ACTIVE_COMPILATION_CONDITIONS = DEBUG;
				SWIFT_OPTIMIZATION_LEVEL = "-Onone";
			};
			name = Debug;
		};
		A98522C9244B4C0100DF1D56 /* Release */ = {
			isa = XCBuildConfiguration;
			buildSettings = {
				ALWAYS_SEARCH_USER_PATHS = NO;
				CLANG_ANALYZER_NONNULL = YES;
				CLANG_ANALYZER_NUMBER_OBJECT_CONVERSION = YES_AGGRESSIVE;
				CLANG_CXX_LANGUAGE_STANDARD = "gnu++14";
				CLANG_CXX_LIBRARY = "libc++";
				CLANG_ENABLE_MODULES = YES;
				CLANG_ENABLE_OBJC_ARC = YES;
				CLANG_ENABLE_OBJC_WEAK = YES;
				CLANG_WARN_BLOCK_CAPTURE_AUTORELEASING = YES;
				CLANG_WARN_BOOL_CONVERSION = YES;
				CLANG_WARN_COMMA = YES;
				CLANG_WARN_CONSTANT_CONVERSION = YES;
				CLANG_WARN_DEPRECATED_OBJC_IMPLEMENTATIONS = YES;
				CLANG_WARN_DIRECT_OBJC_ISA_USAGE = YES_ERROR;
				CLANG_WARN_DOCUMENTATION_COMMENTS = YES;
				CLANG_WARN_EMPTY_BODY = YES;
				CLANG_WARN_ENUM_CONVERSION = YES;
				CLANG_WARN_INFINITE_RECURSION = YES;
				CLANG_WARN_INT_CONVERSION = YES;
				CLANG_WARN_NON_LITERAL_NULL_CONVERSION = YES;
				CLANG_WARN_OBJC_IMPLICIT_RETAIN_SELF = YES;
				CLANG_WARN_OBJC_LITERAL_CONVERSION = YES;
				CLANG_WARN_OBJC_ROOT_CLASS = YES_ERROR;
				CLANG_WARN_RANGE_LOOP_ANALYSIS = YES;
				CLANG_WARN_STRICT_PROTOTYPES = YES;
				CLANG_WARN_SUSPICIOUS_MOVE = YES;
				CLANG_WARN_UNGUARDED_AVAILABILITY = YES_AGGRESSIVE;
				CLANG_WARN_UNREACHABLE_CODE = YES;
				CLANG_WARN__DUPLICATE_METHOD_MATCH = YES;
				COPY_PHASE_STRIP = NO;
				DEBUG_INFORMATION_FORMAT = "dwarf-with-dsym";
				ENABLE_NS_ASSERTIONS = NO;
				ENABLE_STRICT_OBJC_MSGSEND = YES;
				GCC_C_LANGUAGE_STANDARD = gnu11;
				GCC_NO_COMMON_BLOCKS = YES;
				GCC_WARN_64_TO_32_BIT_CONVERSION = YES;
				GCC_WARN_ABOUT_RETURN_TYPE = YES_ERROR;
				GCC_WARN_UNDECLARED_SELECTOR = YES;
				GCC_WARN_UNINITIALIZED_AUTOS = YES_AGGRESSIVE;
				GCC_WARN_UNUSED_FUNCTION = YES;
				GCC_WARN_UNUSED_VARIABLE = YES;
				IPHONEOS_DEPLOYMENT_TARGET = 13.4;
				MTL_ENABLE_DEBUG_INFO = NO;
				MTL_FAST_MATH = YES;
				SDKROOT = iphoneos;
				SWIFT_COMPILATION_MODE = wholemodule;
				SWIFT_OPTIMIZATION_LEVEL = "-O";
				VALIDATE_PRODUCT = YES;
			};
			name = Release;
		};
		A98522CB244B4C0100DF1D56 /* Debug */ = {
			isa = XCBuildConfiguration;
			buildSettings = {
				ASSETCATALOG_COMPILER_APPICON_NAME = AppIcon;
				CODE_SIGN_STYLE = Automatic;
				DEVELOPMENT_ASSET_PATHS = "\"PhoneBookApp/Preview Content\"";
				DEVELOPMENT_TEAM = 9HLY89RTSN;
				ENABLE_PREVIEWS = YES;
				INFOPLIST_FILE = PhoneBookApp/Info.plist;
				LD_RUNPATH_SEARCH_PATHS = (
					"$(inherited)",
					"@executable_path/Frameworks",
				);
				PRODUCT_BUNDLE_IDENTIFIER = com.ukf.lkontur.PhoneBookApp;
				PRODUCT_NAME = "$(TARGET_NAME)";
				SWIFT_VERSION = 5.0;
				TARGETED_DEVICE_FAMILY = "1,2";
			};
			name = Debug;
		};
		A98522CC244B4C0100DF1D56 /* Release */ = {
			isa = XCBuildConfiguration;
			buildSettings = {
				ASSETCATALOG_COMPILER_APPICON_NAME = AppIcon;
				CODE_SIGN_STYLE = Automatic;
				DEVELOPMENT_ASSET_PATHS = "\"PhoneBookApp/Preview Content\"";
				DEVELOPMENT_TEAM = 9HLY89RTSN;
				ENABLE_PREVIEWS = YES;
				INFOPLIST_FILE = PhoneBookApp/Info.plist;
				LD_RUNPATH_SEARCH_PATHS = (
					"$(inherited)",
					"@executable_path/Frameworks",
				);
				PRODUCT_BUNDLE_IDENTIFIER = com.ukf.lkontur.PhoneBookApp;
				PRODUCT_NAME = "$(TARGET_NAME)";
				SWIFT_VERSION = 5.0;
				TARGETED_DEVICE_FAMILY = "1,2";
			};
			name = Release;
		};
/* End XCBuildConfiguration section */

/* Begin XCConfigurationList section */
		A98522B1244B4C0000DF1D56 /* Build configuration list for PBXProject "PhoneBookApp" */ = {
			isa = XCConfigurationList;
			buildConfigurations = (
				A98522C8244B4C0100DF1D56 /* Debug */,
				A98522C9244B4C0100DF1D56 /* Release */,
			);
			defaultConfigurationIsVisible = 0;
			defaultConfigurationName = Release;
		};
		A98522CA244B4C0100DF1D56 /* Build configuration list for PBXNativeTarget "PhoneBookApp" */ = {
			isa = XCConfigurationList;
			buildConfigurations = (
				A98522CB244B4C0100DF1D56 /* Debug */,
				A98522CC244B4C0100DF1D56 /* Release */,
			);
			defaultConfigurationIsVisible = 0;
			defaultConfigurationName = Release;
		};
/* End XCConfigurationList section */
	};
	rootObject = A98522AE244B4C0000DF1D56 /* Project object */;
}
